
Microsoft Visual Studio Solution File, Format Version 12.00
# Visual Studio Version 16
VisualStudioVersion = 16.0.30804.86
MinimumVisualStudioVersion = 10.0.40219.1
Project("{FAE04EC0-301F-11D3-BF4B-00C04F79EFBC}") = "StockCrawlerTW_ByRockefeller", "StockCrawlerTW_ByRockefeller\StockCrawlerTW_ByRockefeller.csproj", "{55591226-F793-45CD-904D-B0BC9ACD4735}"
EndProject
Project("{FAE04EC0-301F-11D3-BF4B-00C04F79EFBC}") = "TestConsole", "TestConsole\TestConsole.csproj", "{DC27E0B4-E6BD-4D8D-B0E9-A83ABD7C90F5}"
EndProject
Global
	GlobalSection(SolutionConfigurationPlatforms) = preSolution
		Debug|Any CPU = Debug|Any CPU
		Release|Any CPU = Release|Any CPU
	EndGlobalSection
	GlobalSection(ProjectConfigurationPlatforms) = postSolution
		{55591226-F793-45CD-904D-B0BC9ACD4735}.Debug|Any CPU.ActiveCfg = Debug|Any CPU
		{55591226-F793-45CD-904D-B0BC9ACD4735}.Debug|Any CPU.Build.0 = Debug|Any CPU
		{55591226-F793-45CD-904D-B0BC9ACD4735}.Release|Any CPU.ActiveCfg = Release|Any CPU
		{55591226-F793-45CD-904D-B0BC9ACD4735}.Release|Any CPU.Build.0 = Release|Any CPU
		{DC27E0B4-E6BD-4D8D-B0E9-A83ABD7C90F5}.Debug|Any CPU.ActiveCfg = Debug|Any CPU
		{DC27E0B4-E6BD-4D8D-B0E9-A83ABD7C90F5}.Debug|Any CPU.Build.0 = Debug|Any CPU
		{DC27E0B4-E6BD-4D8D-B0E9-A83ABD7C90F5}.Release|Any CPU.ActiveCfg = Release|Any CPU
		{DC27E0B4-E6BD-4D8D-B0E9-A83ABD7C90F5}.Release|Any CPU.Build.0 = Release|Any CPU
	EndGlobalSection
	GlobalSection(SolutionProperties) = preSolution
		HideSolutionNode = FALSE
	EndGlobalSection
	GlobalSection(ExtensibilityGlobals) = postSolution
		SolutionGuid = {DC56A996-F1CA-4831-B1FA-76BDAFACB534}
	EndGlobalSection
EndGlobal
